<?xml version="1.0" encoding="utf-8"?>
<Project ToolsVersion="4.0" xmlns="http://schemas.microsoft.com/developer/msbuild/2003">
  <ItemGroup>
    <ClCompile Include="pch.cpp" />
    <ClCompile Include="PointTest.cpp">
      <Filter>Source Files\Primitives</Filter>
    </ClCompile>
    <ClCompile Include="VectorTest.cpp">
      <Filter>Source Files\Primitives</Filter>
    </ClCompile>
    <ClCompile Include="VectorUtils.cpp">
      <Filter>Source Files\TestUtils</Filter>
    </ClCompile>
    <ClCompile Include="TestUtils\CommonUtils.cpp">
      <Filter>Source Files\TestUtils</Filter>
    </ClCompile>
    <ClCompile Include="Primitives\SegmentTest.cpp">
      <Filter>Source Files\Primitives</Filter>
    </ClCompile>
    <ClCompile Include="Testing.cpp">
      <Filter>Source Files</Filter>
    </ClCompile>
    <ClCompile Include="TestUtils\PointUtils.cpp">
      <Filter>Source Files\TestUtils</Filter>
    </ClCompile>
    <ClCompile Include="Primitives\PointNDTest.cpp">
      <Filter>Source Files\Primitives</Filter>
    </ClCompile>
  </ItemGroup>
  <ItemGroup>
    <ClInclude Include="..\..\..\..\..\..\..\Windows Kits\10\Include\10.0.19041.0\ucrt\math.h" />
    <ClInclude Include="Primitives\VectorUtils.h">
      <Filter>Header Files\TestUtils</Filter>
    </ClInclude>
    <ClInclude Include="TestUtils\CommonUtils.h">
      <Filter>Header Files\TestUtils</Filter>
    </ClInclude>
    <ClInclude Include="VectorTest.h">
      <Filter>Header Files</Filter>
    </ClInclude>
    <ClInclude Include="Testing.h">
      <Filter>Header Files</Filter>
    </ClInclude>
    <ClInclude Include="TestUtils\PointUtils.h">
      <Filter>Header Files\TestUtils</Filter>
    </ClInclude>
    <ClInclude Include="TestUtils\SegmentUtils.h">
      <Filter>Header Files\TestUtils</Filter>
    </ClInclude>
    <ClInclude Include="Primitives\SegmentTest.h" />
  </ItemGroup>
  <ItemGroup>
    <None Include="cpp.hint" />
    <None Include="packages.config" />
  </ItemGroup>
  <ItemGroup>
    <Filter Include="Header Files">
      <UniqueIdentifier>{4faec1fe-32d8-4ba8-8cb2-92bbf1898804}</UniqueIdentifier>
    </Filter>
    <Filter Include="Source Files">
      <UniqueIdentifier>{12aa9f3d-4be1-4c9e-ba17-146f65bda383}</UniqueIdentifier>
    </Filter>
    <Filter Include="Source Files\TestUtils">
      <UniqueIdentifier>{21a2608e-3fda-4be7-8f14-fa67a9e825ab}</UniqueIdentifier>
    </Filter>
    <Filter Include="Header Files\TestUtils">
      <UniqueIdentifier>{a39f713f-ea88-4e65-992e-96857d12cd7f}</UniqueIdentifier>
    </Filter>
    <Filter Include="Source Files\Primitives">
      <UniqueIdentifier>{fb080cd5-5f35-4c78-ba58-99cc42951a6d}</UniqueIdentifier>
    </Filter>
    <Filter Include="Header Files\Primitives">
      <UniqueIdentifier>{4c5e0a22-5fdf-421b-9422-5f248529b56c}</UniqueIdentifier>
    </Filter>
  </ItemGroup>
</Project>