
Microsoft Visual Studio Solution File, Format Version 12.00
# Visual Studio Version 16
VisualStudioVersion = 16.0.31624.102
MinimumVisualStudioVersion = 10.0.40219.1
Project("{8BC9CEB8-8B4A-11D0-8D11-00A0C91BC942}") = "GeometricFault", "GeometricFault\GeometricFault.vcxproj", "{C8559F7C-BF67-49ED-821E-07013B0560FE}"
EndProject
Project("{8BC9CEB8-8B4A-11D0-8D11-00A0C91BC942}") = "Test", "Test\Test.vcxproj", "{4B82D596-EC44-4CC5-BC82-3A61007042D4}"
EndProject
Global
	GlobalSection(SolutionConfigurationPlatforms) = preSolution
		Debug|x64 = Debug|x64
		Debug|x86 = Debug|x86
		Release|x64 = Release|x64
		Release|x86 = Release|x86
	EndGlobalSection
	GlobalSection(ProjectConfigurationPlatforms) = postSolution
		{C8559F7C-BF67-49ED-821E-07013B0560FE}.Debug|x64.ActiveCfg = Debug|x64
		{C8559F7C-BF67-49ED-821E-07013B0560FE}.Debug|x64.Build.0 = Debug|x64
		{C8559F7C-BF67-49ED-821E-07013B0560FE}.Debug|x86.ActiveCfg = Debug|Win32
		{C8559F7C-BF67-49ED-821E-07013B0560FE}.Debug|x86.Build.0 = Debug|Win32
		{C8559F7C-BF67-49ED-821E-07013B0560FE}.Release|x64.ActiveCfg = Release|x64
		{C8559F7C-BF67-49ED-821E-07013B0560FE}.Release|x64.Build.0 = Release|x64
		{C8559F7C-BF67-49ED-821E-07013B0560FE}.Release|x86.ActiveCfg = Release|Win32
		{C8559F7C-BF67-49ED-821E-07013B0560FE}.Release|x86.Build.0 = Release|Win32
		{4B82D596-EC44-4CC5-BC82-3A61007042D4}.Debug|x64.ActiveCfg = Debug|x64
		{4B82D596-EC44-4CC5-BC82-3A61007042D4}.Debug|x64.Build.0 = Debug|x64
		{4B82D596-EC44-4CC5-BC82-3A61007042D4}.Debug|x86.ActiveCfg = Debug|Win32
		{4B82D596-EC44-4CC5-BC82-3A61007042D4}.Debug|x86.Build.0 = Debug|Win32
		{4B82D596-EC44-4CC5-BC82-3A61007042D4}.Release|x64.ActiveCfg = Release|x64
		{4B82D596-EC44-4CC5-BC82-3A61007042D4}.Release|x64.Build.0 = Release|x64
		{4B82D596-EC44-4CC5-BC82-3A61007042D4}.Release|x86.ActiveCfg = Release|Win32
		{4B82D596-EC44-4CC5-BC82-3A61007042D4}.Release|x86.Build.0 = Release|Win32
	EndGlobalSection
	GlobalSection(SolutionProperties) = preSolution
		HideSolutionNode = FALSE
	EndGlobalSection
	GlobalSection(ExtensibilityGlobals) = postSolution
		SolutionGuid = {F40DC8B3-BAC3-4981-A8AD-5FAFBB1455B3}
	EndGlobalSection
EndGlobal
